
Microsoft Visual Studio Solution File, Format Version 12.00
# Visual Studio Version 17
VisualStudioVersion = 17.7.34221.43
MinimumVisualStudioVersion = 10.0.40219.1
Project("{9A19103F-16F7-4668-BE54-9A1E7A4F7556}") = "webapi", "webapi.csproj", "{2175DED8-3AB8-430A-B33C-6D1694188347}"
EndProject
Project("{9A19103F-16F7-4668-BE54-9A1E7A4F7556}") = "domain", "..\Restaurant.Domain\domain.csproj", "{93A875B3-2895-46C9-ACB0-420C53D45608}"
EndProject
Project("{9A19103F-16F7-4668-BE54-9A1E7A4F7556}") = "core", "..\Restaurant.Core\core.csproj", "{DFD5FAA4-2015-40C2-BEC3-0751F168DD57}"
EndProject
Project("{2150E333-8FDC-42A3-9474-1A3956D46DE8}") = "tests", "tests", "{31542354-B254-48A3-B265-7A0A82DB04FC}"
EndProject
Project("{9A19103F-16F7-4668-BE54-9A1E7A4F7556}") = "infrastructure", "..\Restaurant.Infrastructure\infrastructure.csproj", "{44478D10-85C6-4E70-BE16-27DA41C53C9D}"
EndProject
Project("{9A19103F-16F7-4668-BE54-9A1E7A4F7556}") = "application", "..\application\application.csproj", "{3474BB56-77E2-4949-9E8A-420880E00FBA}"
EndProject
Project("{2150E333-8FDC-42A3-9474-1A3956D46DE8}") = "Runners", "Runners", "{A3C0803E-3324-4285-BFA9-A4444109F1E1}"
EndProject
Project("{FAE04EC0-301F-11D3-BF4B-00C04F79EFBC}") = "Restaurant.DataSeed", "..\Restaurant.DataSeed\Restaurant.DataSeed.csproj", "{008005AA-7412-4E78-B7AB-BCD8DF45E5FA}"
EndProject
Project("{2150E333-8FDC-42A3-9474-1A3956D46DE8}") = "SolutionItems", "SolutionItems", "{BD4644CD-765D-44C0-811C-845D9E6E1C91}"
EndProject
Project("{FAE04EC0-301F-11D3-BF4B-00C04F79EFBC}") = "integrationTests", "..\Tests\Restaurant.integrationTests\integrationTests.csproj", "{8A6BF8B0-4DDA-48D8-9CB4-B5512B518248}"
EndProject
Project("{FAE04EC0-301F-11D3-BF4B-00C04F79EFBC}") = "unitTests", "..\Tests\Restaurant.UnitTests\unitTests.csproj", "{9A611343-8F9E-4006-8C95-FF727AE2BA84}"
EndProject
Project("{FAE04EC0-301F-11D3-BF4B-00C04F79EFBC}") = "sharedTests", "..\Tests\Restaurant.Shared\sharedTests.csproj", "{E307BAFC-186D-49C7-85E9-E1B78A038CC2}"
EndProject
Global
	GlobalSection(SolutionConfigurationPlatforms) = preSolution
		Debug|Any CPU = Debug|Any CPU
		Release|Any CPU = Release|Any CPU
	EndGlobalSection
	GlobalSection(ProjectConfigurationPlatforms) = postSolution
		{2175DED8-3AB8-430A-B33C-6D1694188347}.Debug|Any CPU.ActiveCfg = Debug|Any CPU
		{2175DED8-3AB8-430A-B33C-6D1694188347}.Debug|Any CPU.Build.0 = Debug|Any CPU
		{2175DED8-3AB8-430A-B33C-6D1694188347}.Release|Any CPU.ActiveCfg = Release|Any CPU
		{2175DED8-3AB8-430A-B33C-6D1694188347}.Release|Any CPU.Build.0 = Release|Any CPU
		{93A875B3-2895-46C9-ACB0-420C53D45608}.Debug|Any CPU.ActiveCfg = Debug|Any CPU
		{93A875B3-2895-46C9-ACB0-420C53D45608}.Debug|Any CPU.Build.0 = Debug|Any CPU
		{93A875B3-2895-46C9-ACB0-420C53D45608}.Release|Any CPU.ActiveCfg = Release|Any CPU
		{93A875B3-2895-46C9-ACB0-420C53D45608}.Release|Any CPU.Build.0 = Release|Any CPU
		{DFD5FAA4-2015-40C2-BEC3-0751F168DD57}.Debug|Any CPU.ActiveCfg = Debug|Any CPU
		{DFD5FAA4-2015-40C2-BEC3-0751F168DD57}.Debug|Any CPU.Build.0 = Debug|Any CPU
		{DFD5FAA4-2015-40C2-BEC3-0751F168DD57}.Release|Any CPU.ActiveCfg = Release|Any CPU
		{DFD5FAA4-2015-40C2-BEC3-0751F168DD57}.Release|Any CPU.Build.0 = Release|Any CPU
		{44478D10-85C6-4E70-BE16-27DA41C53C9D}.Debug|Any CPU.ActiveCfg = Debug|Any CPU
		{44478D10-85C6-4E70-BE16-27DA41C53C9D}.Debug|Any CPU.Build.0 = Debug|Any CPU
		{44478D10-85C6-4E70-BE16-27DA41C53C9D}.Release|Any CPU.ActiveCfg = Release|Any CPU
		{44478D10-85C6-4E70-BE16-27DA41C53C9D}.Release|Any CPU.Build.0 = Release|Any CPU
		{3474BB56-77E2-4949-9E8A-420880E00FBA}.Debug|Any CPU.ActiveCfg = Debug|Any CPU
		{3474BB56-77E2-4949-9E8A-420880E00FBA}.Debug|Any CPU.Build.0 = Debug|Any CPU
		{3474BB56-77E2-4949-9E8A-420880E00FBA}.Release|Any CPU.ActiveCfg = Release|Any CPU
		{3474BB56-77E2-4949-9E8A-420880E00FBA}.Release|Any CPU.Build.0 = Release|Any CPU
		{008005AA-7412-4E78-B7AB-BCD8DF45E5FA}.Debug|Any CPU.ActiveCfg = Debug|Any CPU
		{008005AA-7412-4E78-B7AB-BCD8DF45E5FA}.Debug|Any CPU.Build.0 = Debug|Any CPU
		{008005AA-7412-4E78-B7AB-BCD8DF45E5FA}.Release|Any CPU.ActiveCfg = Release|Any CPU
		{008005AA-7412-4E78-B7AB-BCD8DF45E5FA}.Release|Any CPU.Build.0 = Release|Any CPU
		{8A6BF8B0-4DDA-48D8-9CB4-B5512B518248}.Debug|Any CPU.ActiveCfg = Debug|Any CPU
		{8A6BF8B0-4DDA-48D8-9CB4-B5512B518248}.Debug|Any CPU.Build.0 = Debug|Any CPU
		{8A6BF8B0-4DDA-48D8-9CB4-B5512B518248}.Release|Any CPU.ActiveCfg = Release|Any CPU
		{8A6BF8B0-4DDA-48D8-9CB4-B5512B518248}.Release|Any CPU.Build.0 = Release|Any CPU
		{9A611343-8F9E-4006-8C95-FF727AE2BA84}.Debug|Any CPU.ActiveCfg = Debug|Any CPU
		{9A611343-8F9E-4006-8C95-FF727AE2BA84}.Debug|Any CPU.Build.0 = Debug|Any CPU
		{9A611343-8F9E-4006-8C95-FF727AE2BA84}.Release|Any CPU.ActiveCfg = Release|Any CPU
		{9A611343-8F9E-4006-8C95-FF727AE2BA84}.Release|Any CPU.Build.0 = Release|Any CPU
		{E307BAFC-186D-49C7-85E9-E1B78A038CC2}.Debug|Any CPU.ActiveCfg = Debug|Any CPU
		{E307BAFC-186D-49C7-85E9-E1B78A038CC2}.Debug|Any CPU.Build.0 = Debug|Any CPU
		{E307BAFC-186D-49C7-85E9-E1B78A038CC2}.Release|Any CPU.ActiveCfg = Release|Any CPU
		{E307BAFC-186D-49C7-85E9-E1B78A038CC2}.Release|Any CPU.Build.0 = Release|Any CPU
	EndGlobalSection
	GlobalSection(SolutionProperties) = preSolution
		HideSolutionNode = FALSE
	EndGlobalSection
	GlobalSection(NestedProjects) = preSolution
		{008005AA-7412-4E78-B7AB-BCD8DF45E5FA} = {A3C0803E-3324-4285-BFA9-A4444109F1E1}
		{8A6BF8B0-4DDA-48D8-9CB4-B5512B518248} = {31542354-B254-48A3-B265-7A0A82DB04FC}
		{9A611343-8F9E-4006-8C95-FF727AE2BA84} = {31542354-B254-48A3-B265-7A0A82DB04FC}
		{E307BAFC-186D-49C7-85E9-E1B78A038CC2} = {31542354-B254-48A3-B265-7A0A82DB04FC}
	EndGlobalSection
	GlobalSection(ExtensibilityGlobals) = postSolution
		SolutionGuid = {E38EF970-DAC3-453E-A7CC-2ABE0B1CB2A8}
	EndGlobalSection
EndGlobal
