
Microsoft Visual Studio Solution File, Format Version 12.00
# Visual Studio Version 17
VisualStudioVersion = 17.7.34221.43
MinimumVisualStudioVersion = 10.0.40219.1
Project("{9A19103F-16F7-4668-BE54-9A1E7A4F7556}") = "webapi", "webapi.csproj", "{2175DED8-3AB8-430A-B33C-6D1694188347}"
EndProject
Project("{9A19103F-16F7-4668-BE54-9A1E7A4F7556}") = "domain", "..\Restaurant.Domain\domain.csproj", "{93A875B3-2895-46C9-ACB0-420C53D45608}"
EndProject
Project("{9A19103F-16F7-4668-BE54-9A1E7A4F7556}") = "core", "..\Restaurant.Core\core.csproj", "{DFD5FAA4-2015-40C2-BEC3-0751F168DD57}"
EndProject
Project("{2150E333-8FDC-42A3-9474-1A3956D46DE8}") = "Tests", "Tests", "{31542354-B254-48A3-B265-7A0A82DB04FC}"
EndProject
Project("{9A19103F-16F7-4668-BE54-9A1E7A4F7556}") = "unitTests", "..\Restaurant.UnitTests\unitTests.csproj", "{CD3F6133-9A21-4983-854B-6D1A9744CDB4}"
EndProject
Project("{9A19103F-16F7-4668-BE54-9A1E7A4F7556}") = "infrastructure", "..\Restaurant.Infrastructure\infrastructure.csproj", "{44478D10-85C6-4E70-BE16-27DA41C53C9D}"
EndProject
Project("{9A19103F-16F7-4668-BE54-9A1E7A4F7556}") = "application", "..\application\application.csproj", "{3474BB56-77E2-4949-9E8A-420880E00FBA}"
EndProject
Project("{9A19103F-16F7-4668-BE54-9A1E7A4F7556}") = "integrationTests", "..\integrationTests\integrationTests.csproj", "{185CD607-64F4-4826-9023-CC9C0AE91582}"
EndProject
Project("{FAE04EC0-301F-11D3-BF4B-00C04F79EFBC}") = "sharedTests", "..\shared.tests\sharedTests.csproj", "{D12C1FBC-77EF-4136-BB03-9769A13CCC29}"
EndProject
Global
	GlobalSection(SolutionConfigurationPlatforms) = preSolution
		Debug|Any CPU = Debug|Any CPU
		Release|Any CPU = Release|Any CPU
	EndGlobalSection
	GlobalSection(ProjectConfigurationPlatforms) = postSolution
		{2175DED8-3AB8-430A-B33C-6D1694188347}.Debug|Any CPU.ActiveCfg = Debug|Any CPU
		{2175DED8-3AB8-430A-B33C-6D1694188347}.Debug|Any CPU.Build.0 = Debug|Any CPU
		{2175DED8-3AB8-430A-B33C-6D1694188347}.Release|Any CPU.ActiveCfg = Release|Any CPU
		{2175DED8-3AB8-430A-B33C-6D1694188347}.Release|Any CPU.Build.0 = Release|Any CPU
		{93A875B3-2895-46C9-ACB0-420C53D45608}.Debug|Any CPU.ActiveCfg = Debug|Any CPU
		{93A875B3-2895-46C9-ACB0-420C53D45608}.Debug|Any CPU.Build.0 = Debug|Any CPU
		{93A875B3-2895-46C9-ACB0-420C53D45608}.Release|Any CPU.ActiveCfg = Release|Any CPU
		{93A875B3-2895-46C9-ACB0-420C53D45608}.Release|Any CPU.Build.0 = Release|Any CPU
		{DFD5FAA4-2015-40C2-BEC3-0751F168DD57}.Debug|Any CPU.ActiveCfg = Debug|Any CPU
		{DFD5FAA4-2015-40C2-BEC3-0751F168DD57}.Debug|Any CPU.Build.0 = Debug|Any CPU
		{DFD5FAA4-2015-40C2-BEC3-0751F168DD57}.Release|Any CPU.ActiveCfg = Release|Any CPU
		{DFD5FAA4-2015-40C2-BEC3-0751F168DD57}.Release|Any CPU.Build.0 = Release|Any CPU
		{CD3F6133-9A21-4983-854B-6D1A9744CDB4}.Debug|Any CPU.ActiveCfg = Debug|Any CPU
		{CD3F6133-9A21-4983-854B-6D1A9744CDB4}.Debug|Any CPU.Build.0 = Debug|Any CPU
		{CD3F6133-9A21-4983-854B-6D1A9744CDB4}.Release|Any CPU.ActiveCfg = Release|Any CPU
		{CD3F6133-9A21-4983-854B-6D1A9744CDB4}.Release|Any CPU.Build.0 = Release|Any CPU
		{44478D10-85C6-4E70-BE16-27DA41C53C9D}.Debug|Any CPU.ActiveCfg = Debug|Any CPU
		{44478D10-85C6-4E70-BE16-27DA41C53C9D}.Debug|Any CPU.Build.0 = Debug|Any CPU
		{44478D10-85C6-4E70-BE16-27DA41C53C9D}.Release|Any CPU.ActiveCfg = Release|Any CPU
		{44478D10-85C6-4E70-BE16-27DA41C53C9D}.Release|Any CPU.Build.0 = Release|Any CPU
		{3474BB56-77E2-4949-9E8A-420880E00FBA}.Debug|Any CPU.ActiveCfg = Debug|Any CPU
		{3474BB56-77E2-4949-9E8A-420880E00FBA}.Debug|Any CPU.Build.0 = Debug|Any CPU
		{3474BB56-77E2-4949-9E8A-420880E00FBA}.Release|Any CPU.ActiveCfg = Release|Any CPU
		{3474BB56-77E2-4949-9E8A-420880E00FBA}.Release|Any CPU.Build.0 = Release|Any CPU
		{185CD607-64F4-4826-9023-CC9C0AE91582}.Debug|Any CPU.ActiveCfg = Debug|Any CPU
		{185CD607-64F4-4826-9023-CC9C0AE91582}.Debug|Any CPU.Build.0 = Debug|Any CPU
		{185CD607-64F4-4826-9023-CC9C0AE91582}.Release|Any CPU.ActiveCfg = Release|Any CPU
		{185CD607-64F4-4826-9023-CC9C0AE91582}.Release|Any CPU.Build.0 = Release|Any CPU
		{D12C1FBC-77EF-4136-BB03-9769A13CCC29}.Debug|Any CPU.ActiveCfg = Debug|Any CPU
		{D12C1FBC-77EF-4136-BB03-9769A13CCC29}.Debug|Any CPU.Build.0 = Debug|Any CPU
		{D12C1FBC-77EF-4136-BB03-9769A13CCC29}.Release|Any CPU.ActiveCfg = Release|Any CPU
		{D12C1FBC-77EF-4136-BB03-9769A13CCC29}.Release|Any CPU.Build.0 = Release|Any CPU
	EndGlobalSection
	GlobalSection(SolutionProperties) = preSolution
		HideSolutionNode = FALSE
	EndGlobalSection
	GlobalSection(NestedProjects) = preSolution
		{CD3F6133-9A21-4983-854B-6D1A9744CDB4} = {31542354-B254-48A3-B265-7A0A82DB04FC}
		{185CD607-64F4-4826-9023-CC9C0AE91582} = {31542354-B254-48A3-B265-7A0A82DB04FC}
		{D12C1FBC-77EF-4136-BB03-9769A13CCC29} = {31542354-B254-48A3-B265-7A0A82DB04FC}
	EndGlobalSection
	GlobalSection(ExtensibilityGlobals) = postSolution
		SolutionGuid = {E38EF970-DAC3-453E-A7CC-2ABE0B1CB2A8}
	EndGlobalSection
EndGlobal
